
Microsoft Visual Studio Solution File, Format Version 12.00
# Visual Studio Version 17
VisualStudioVersion = 17.5.33530.505
MinimumVisualStudioVersion = 10.0.40219.1
Project("{FAE04EC0-301F-11D3-BF4B-00C04F79EFBC}") = "API_DAy3_JWT", "API_DAy3_JWT\API_DAy3_JWT.csproj", "{090BA4D9-7D61-4050-83D5-5D8B2CA8A9AB}"
EndProject
Project("{FAE04EC0-301F-11D3-BF4B-00C04F79EFBC}") = "DAL_Poject", "DAL_Poject\DAL_Poject.csproj", "{FE77A4B3-1200-4EF9-91CD-F7D5A9EAE1E6}"
EndProject
Project("{FAE04EC0-301F-11D3-BF4B-00C04F79EFBC}") = "BLL_Project", "BLL_Project\BLL_Project.csproj", "{64F5692D-68EC-464D-9D05-DBD7CA4E8D68}"
EndProject
Global
	GlobalSection(SolutionConfigurationPlatforms) = preSolution
		Debug|Any CPU = Debug|Any CPU
		Release|Any CPU = Release|Any CPU
	EndGlobalSection
	GlobalSection(ProjectConfigurationPlatforms) = postSolution
		{090BA4D9-7D61-4050-83D5-5D8B2CA8A9AB}.Debug|Any CPU.ActiveCfg = Debug|Any CPU
		{090BA4D9-7D61-4050-83D5-5D8B2CA8A9AB}.Debug|Any CPU.Build.0 = Debug|Any CPU
		{090BA4D9-7D61-4050-83D5-5D8B2CA8A9AB}.Release|Any CPU.ActiveCfg = Release|Any CPU
		{090BA4D9-7D61-4050-83D5-5D8B2CA8A9AB}.Release|Any CPU.Build.0 = Release|Any CPU
		{FE77A4B3-1200-4EF9-91CD-F7D5A9EAE1E6}.Debug|Any CPU.ActiveCfg = Debug|Any CPU
		{FE77A4B3-1200-4EF9-91CD-F7D5A9EAE1E6}.Debug|Any CPU.Build.0 = Debug|Any CPU
		{FE77A4B3-1200-4EF9-91CD-F7D5A9EAE1E6}.Release|Any CPU.ActiveCfg = Release|Any CPU
		{FE77A4B3-1200-4EF9-91CD-F7D5A9EAE1E6}.Release|Any CPU.Build.0 = Release|Any CPU
		{64F5692D-68EC-464D-9D05-DBD7CA4E8D68}.Debug|Any CPU.ActiveCfg = Debug|Any CPU
		{64F5692D-68EC-464D-9D05-DBD7CA4E8D68}.Debug|Any CPU.Build.0 = Debug|Any CPU
		{64F5692D-68EC-464D-9D05-DBD7CA4E8D68}.Release|Any CPU.ActiveCfg = Release|Any CPU
		{64F5692D-68EC-464D-9D05-DBD7CA4E8D68}.Release|Any CPU.Build.0 = Release|Any CPU
	EndGlobalSection
	GlobalSection(SolutionProperties) = preSolution
		HideSolutionNode = FALSE
	EndGlobalSection
	GlobalSection(ExtensibilityGlobals) = postSolution
		SolutionGuid = {74229827-C046-496D-B378-9CC61D113F71}
	EndGlobalSection
EndGlobal
